{
  "lockfile_version": "1",
  "packages": {
    "binutils": {
      "resolved": "github:NixOS/nixpkgs/5929de975bcf4c7c8d8b5ca65c8cd9ef9e44523e?narHash=sha256-BHmgfHlCJVNisJShVaEmfDIr%2FIp58i%2F4oFGlD1iK6lk%3D#binutils",
      "source": "nixpkg",
      "systems": {
        "x86_64-linux": {
          "outputs": [
            {
              "name": "man",
              "path": "/nix/store/5vjdp835mdzyilqqjgam9a8047rpr71h-binutils-wrapper-2.44-man",
              "default": true
            },
            {
              "path": "/nix/store/hhfm5fkvb1alg1np5a69m2qlcjqhr062-binutils-wrapper-2.44",
              "default": true
            }
          ]
        }
      }
    },
    "curl": {
      "resolved": "github:NixOS/nixpkgs/5929de975bcf4c7c8d8b5ca65c8cd9ef9e44523e?narHash=sha256-BHmgfHlCJVNisJShVaEmfDIr%2FIp58i%2F4oFGlD1iK6lk%3D#curl",
      "source": "nixpkg",
      "systems": {
        "x86_64-linux": {
          "outputs": [
            {
              "name": "man",
              "path": "/nix/store/innps8d9bl9jikd3nsq8bd5irgrlay6f-curl-8.13.0-man",
              "default": true
            },
            {
              "name": "bin",
              "path": "/nix/store/s2np0ri22gq9pq0fnv3yqjsbsbmw16xi-curl-8.13.0-bin",
              "default": true
            }
          ]
        }
      }
    },
    "git": {
      "resolved": "github:NixOS/nixpkgs/5929de975bcf4c7c8d8b5ca65c8cd9ef9e44523e?narHash=sha256-BHmgfHlCJVNisJShVaEmfDIr%2FIp58i%2F4oFGlD1iK6lk%3D#git",
      "source": "nixpkg",
      "systems": {
        "x86_64-linux": {
          "outputs": [
            {
              "path": "/nix/store/805a5wv1cyah5awij184yfad1ksmbh9f-git-2.49.0",
              "default": true
            }
          ]
        }
      }
    },
    "github:NixOS/nixpkgs/nixpkgs-unstable": {
      "last_modified": "2025-11-23T21:50:36Z",
      "resolved": "github:NixOS/nixpkgs/ee09932cedcef15aaf476f9343d1dea2cb77e261?lastModified=1763934636"
    },
    "gradle@6": {
      "last_modified": "2021-04-12T08:34:02Z",
      "plugin_version": "0.0.1",
      "resolved": "github:NixOS/nixpkgs/dce8fc727dc2891628e4f878bb18af643b7b255d#gradle",
      "source": "devbox-search",
      "version": "6.8.3",
      "systems": {
        "x86_64-linux": {
          "outputs": [
            {
              "path": "/nix/store/8yb3wabzz01b1dabrr99s1zzmji5skgv-gradle-6.8.3",
              "default": true
            }
          ]
        }
      }
    },
    "jdk@11": {
      "last_modified": "2025-10-22T20:59:19Z",
      "resolved": "github:NixOS/nixpkgs/01b6809f7f9d1183a2b3e081f0a1e6f8f415cb09#jdk11",
      "source": "devbox-search",
      "version": "11.0.24",
      "systems": {
        "aarch64-darwin": {
          "outputs": [
            {
              "name": "out",
              "path": "/nix/store/37hfzzxsxbvkb35y1v9hfkw802l6j3xq-zulu-ca-jdk-11.0.24",
              "default": true
            }
          ],
          "store_path": "/nix/store/37hfzzxsxbvkb35y1v9hfkw802l6j3xq-zulu-ca-jdk-11.0.24"
        },
        "x86_64-darwin": {
          "outputs": [
            {
              "name": "out",
              "path": "/nix/store/kl9yv2dppl8cbj2zy23lm7n8gppv4sp5-zulu-ca-jdk-11.0.24",
              "default": true
            }
          ],
          "store_path": "/nix/store/kl9yv2dppl8cbj2zy23lm7n8gppv4sp5-zulu-ca-jdk-11.0.24"
        },
        "x86_64-linux": {
          "outputs": [
            {
              "path": "/nix/store/b8s4l98ng499nmmmi5kh9qzcfbsnqsji-openjdk-11.0.29+5",
              "default": true
            }
          ]
        }
      }
    },
    "jq": {
      "resolved": "github:NixOS/nixpkgs/5929de975bcf4c7c8d8b5ca65c8cd9ef9e44523e?narHash=sha256-BHmgfHlCJVNisJShVaEmfDIr%2FIp58i%2F4oFGlD1iK6lk%3D#jq",
      "source": "nixpkg",
      "systems": {
        "x86_64-linux": {
          "outputs": [
            {
              "name": "man",
              "path": "/nix/store/2dmx0pgvxjmqywg25rva6cgkz94icnw7-jq-1.7.1-man",
              "default": true
            },
            {
              "name": "bin",
              "path": "/nix/store/n9ch6ggimi6ri5vx62mqmzgrrkb3qfwg-jq-1.7.1-bin",
              "default": true
            }
          ]
        }
      }
    }
  }
}
